<?xml version="1.0" encoding="utf-8"?>
<Project ToolsVersion="4.0" xmlns="http://schemas.microsoft.com/developer/msbuild/2003">
  <ItemGroup>
    <Filter Include="Resource Files">
      <UniqueIdentifier>{67DA6AB6-F800-4c08-8B7A-83BB121AAD01}</UniqueIdentifier>
      <Extensions>rc;ico;cur;bmp;dlg;rc2;rct;bin;rgs;gif;jpg;jpeg;jpe;resx;tiff;tif;png;wav;mfcribbon-ms</Extensions>
    </Filter>
  </ItemGroup>
  <ItemGroup>
    <ClCompile Include="limelight-common.cpp" />
    <ClCompile Include="pch.cpp" />
    <ClCompile Include="ByteBuffer.cpp" />
    <ClCompile Include="Config.cpp" />
    <ClCompile Include="ControlStream.cpp" />
    <ClCompile Include="Handshake.cpp" />
    <ClCompile Include="LinkedBlockingQueue.cpp" />
    <ClCompile Include="PlatformSockets.cpp" />
    <ClCompile Include="PlatformThreads.cpp" />
    <ClCompile Include="VideoDepacketizer.cpp" />
    <ClCompile Include="VideoStream.cpp" />
  </ItemGroup>
  <ItemGroup>
    <ClInclude Include="limelight-common.h" />
    <ClInclude Include="pch.h" />
    <ClInclude Include="targetver.h" />
    <ClInclude Include="ByteBuffer.h" />
    <ClInclude Include="Limelight.h" />
    <ClInclude Include="LinkedBlockingQueue.h" />
    <ClInclude Include="Platform.h" />
    <ClInclude Include="PlatformSockets.h" />
    <ClInclude Include="PlatformThreads.h" />
    <ClInclude Include="Video.h" />
  </ItemGroup>
</Project>