
Microsoft Visual Studio Solution File, Format Version 12.00
# Visual Studio 2013
VisualStudioVersion = 12.0.30626.0
MinimumVisualStudioVersion = 10.0.40219.1
Project("{2150E333-8FDC-42A3-9474-1A3956D46DE8}") = "Solution Items", "Solution Items", "{ED34A297-000A-4D02-A88B-F40E8A38AAAA}"
EndProject
Project("{FAE04EC0-301F-11D3-BF4B-00C04F79EFBC}") = "Limelight", "Limelight\Limelight.csproj", "{51672764-EF28-4998-BAFC-5FBE2530A24C}"
EndProject
Project("{8BC9CEB8-8B4A-11D0-8D11-00A0C91BC942}") = "limelight-common", "..\limelight-common\limelight-common\limelight-common.vcxproj", "{F45FC858-2174-4D2F-B24C-16A981D70D0B}"
EndProject
Project("{8BC9CEB8-8B4A-11D0-8D11-00A0C91BC942}") = "Limelight-common-binding", "Limelight-common-binding\Limelight-common-binding.vcxproj", "{A90D687B-6F2B-40D0-8284-944E2B3A234B}"
EndProject
Global
	GlobalSection(SolutionConfigurationPlatforms) = preSolution
		Debug|ARM = Debug|ARM
		Debug|Win32 = Debug|Win32
		Release|ARM = Release|ARM
		Release|Win32 = Release|Win32
	EndGlobalSection
	GlobalSection(ProjectConfigurationPlatforms) = postSolution
		{51672764-EF28-4998-BAFC-5FBE2530A24C}.Debug|ARM.ActiveCfg = Debug|ARM
		{51672764-EF28-4998-BAFC-5FBE2530A24C}.Debug|ARM.Build.0 = Debug|ARM
		{51672764-EF28-4998-BAFC-5FBE2530A24C}.Debug|ARM.Deploy.0 = Debug|ARM
		{51672764-EF28-4998-BAFC-5FBE2530A24C}.Debug|Win32.ActiveCfg = Debug|x86
		{51672764-EF28-4998-BAFC-5FBE2530A24C}.Debug|Win32.Build.0 = Debug|x86
		{51672764-EF28-4998-BAFC-5FBE2530A24C}.Debug|Win32.Deploy.0 = Debug|x86
		{51672764-EF28-4998-BAFC-5FBE2530A24C}.Release|ARM.ActiveCfg = Release|ARM
		{51672764-EF28-4998-BAFC-5FBE2530A24C}.Release|ARM.Build.0 = Release|ARM
		{51672764-EF28-4998-BAFC-5FBE2530A24C}.Release|ARM.Deploy.0 = Release|ARM
		{51672764-EF28-4998-BAFC-5FBE2530A24C}.Release|Win32.ActiveCfg = Release|x86
		{51672764-EF28-4998-BAFC-5FBE2530A24C}.Release|Win32.Build.0 = Release|x86
		{51672764-EF28-4998-BAFC-5FBE2530A24C}.Release|Win32.Deploy.0 = Release|x86
		{F45FC858-2174-4D2F-B24C-16A981D70D0B}.Debug|ARM.ActiveCfg = Debug|ARM
		{F45FC858-2174-4D2F-B24C-16A981D70D0B}.Debug|ARM.Build.0 = Debug|ARM
		{F45FC858-2174-4D2F-B24C-16A981D70D0B}.Debug|Win32.ActiveCfg = Debug|Win32
		{F45FC858-2174-4D2F-B24C-16A981D70D0B}.Debug|Win32.Build.0 = Debug|Win32
		{F45FC858-2174-4D2F-B24C-16A981D70D0B}.Release|ARM.ActiveCfg = Release|ARM
		{F45FC858-2174-4D2F-B24C-16A981D70D0B}.Release|ARM.Build.0 = Release|ARM
		{F45FC858-2174-4D2F-B24C-16A981D70D0B}.Release|Win32.ActiveCfg = Release|Win32
		{F45FC858-2174-4D2F-B24C-16A981D70D0B}.Release|Win32.Build.0 = Release|Win32
		{A90D687B-6F2B-40D0-8284-944E2B3A234B}.Debug|ARM.ActiveCfg = Debug|ARM
		{A90D687B-6F2B-40D0-8284-944E2B3A234B}.Debug|ARM.Build.0 = Debug|ARM
		{A90D687B-6F2B-40D0-8284-944E2B3A234B}.Debug|Win32.ActiveCfg = Debug|Win32
		{A90D687B-6F2B-40D0-8284-944E2B3A234B}.Debug|Win32.Build.0 = Debug|Win32
		{A90D687B-6F2B-40D0-8284-944E2B3A234B}.Release|ARM.ActiveCfg = Release|ARM
		{A90D687B-6F2B-40D0-8284-944E2B3A234B}.Release|ARM.Build.0 = Release|ARM
		{A90D687B-6F2B-40D0-8284-944E2B3A234B}.Release|Win32.ActiveCfg = Release|Win32
		{A90D687B-6F2B-40D0-8284-944E2B3A234B}.Release|Win32.Build.0 = Release|Win32
	EndGlobalSection
	GlobalSection(SolutionProperties) = preSolution
		HideSolutionNode = FALSE
	EndGlobalSection
EndGlobal
