
Microsoft Visual Studio Solution File, Format Version 12.00
# Visual Studio 2013
VisualStudioVersion = 12.0.30110.0
MinimumVisualStudioVersion = 10.0.40219.1
Project("{FAE04EC0-301F-11D3-BF4B-00C04F79EFBC}") = "Limelight", "Limelight\Limelight.csproj", "{8C9DC516-ACBB-4D65-920B-6065B5998011}"
	ProjectSection(ProjectDependencies) = postProject
		{F150A355-04CA-4F3E-8295-3FDA0DA800D4} = {F150A355-04CA-4F3E-8295-3FDA0DA800D4}
		{15D85395-B083-4688-B578-58AB22C85BE5} = {15D85395-B083-4688-B578-58AB22C85BE5}
	EndProjectSection
EndProject
Project("{2150E333-8FDC-42A3-9474-1A3956D46DE8}") = "Solution Items", "Solution Items", "{ED34A297-000A-4D02-A88B-F40E8A38AAAA}"
EndProject
Project("{8BC9CEB8-8B4A-11D0-8D11-00A0C91BC942}") = "limelight-common", "..\limelight-common\limelight-common\limelight-common.vcxproj", "{15D85395-B083-4688-B578-58AB22C85BE5}"
EndProject
Project("{8BC9CEB8-8B4A-11D0-8D11-00A0C91BC942}") = "Limelight-common-binding", "Limelight-common-binding\Limelight-common-binding.vcxproj", "{F150A355-04CA-4F3E-8295-3FDA0DA800D4}"
	ProjectSection(ProjectDependencies) = postProject
		{15D85395-B083-4688-B578-58AB22C85BE5} = {15D85395-B083-4688-B578-58AB22C85BE5}
	EndProjectSection
EndProject
Global
	GlobalSection(SolutionConfigurationPlatforms) = preSolution
		Debug|Any CPU = Debug|Any CPU
		Debug|ARM = Debug|ARM
		Debug|Mixed Platforms = Debug|Mixed Platforms
		Debug|Win32 = Debug|Win32
		Debug|x64 = Debug|x64
		Debug|x86 = Debug|x86
		Release|Any CPU = Release|Any CPU
		Release|ARM = Release|ARM
		Release|Mixed Platforms = Release|Mixed Platforms
		Release|Win32 = Release|Win32
		Release|x64 = Release|x64
		Release|x86 = Release|x86
	EndGlobalSection
	GlobalSection(ProjectConfigurationPlatforms) = postSolution
		{8C9DC516-ACBB-4D65-920B-6065B5998011}.Debug|Any CPU.ActiveCfg = Debug|ARM
		{8C9DC516-ACBB-4D65-920B-6065B5998011}.Debug|Any CPU.Build.0 = Debug|ARM
		{8C9DC516-ACBB-4D65-920B-6065B5998011}.Debug|Any CPU.Deploy.0 = Debug|ARM
		{8C9DC516-ACBB-4D65-920B-6065B5998011}.Debug|ARM.ActiveCfg = Debug|ARM
		{8C9DC516-ACBB-4D65-920B-6065B5998011}.Debug|ARM.Build.0 = Debug|ARM
		{8C9DC516-ACBB-4D65-920B-6065B5998011}.Debug|ARM.Deploy.0 = Debug|ARM
		{8C9DC516-ACBB-4D65-920B-6065B5998011}.Debug|Mixed Platforms.ActiveCfg = Debug|ARM
		{8C9DC516-ACBB-4D65-920B-6065B5998011}.Debug|Mixed Platforms.Build.0 = Debug|ARM
		{8C9DC516-ACBB-4D65-920B-6065B5998011}.Debug|Mixed Platforms.Deploy.0 = Debug|ARM
		{8C9DC516-ACBB-4D65-920B-6065B5998011}.Debug|Win32.ActiveCfg = Debug|x86
		{8C9DC516-ACBB-4D65-920B-6065B5998011}.Debug|Win32.Build.0 = Debug|x86
		{8C9DC516-ACBB-4D65-920B-6065B5998011}.Debug|Win32.Deploy.0 = Debug|x86
		{8C9DC516-ACBB-4D65-920B-6065B5998011}.Debug|x64.ActiveCfg = Debug|Any CPU
		{8C9DC516-ACBB-4D65-920B-6065B5998011}.Debug|x86.ActiveCfg = Debug|x86
		{8C9DC516-ACBB-4D65-920B-6065B5998011}.Debug|x86.Build.0 = Debug|x86
		{8C9DC516-ACBB-4D65-920B-6065B5998011}.Debug|x86.Deploy.0 = Debug|x86
		{8C9DC516-ACBB-4D65-920B-6065B5998011}.Release|Any CPU.ActiveCfg = Release|ARM
		{8C9DC516-ACBB-4D65-920B-6065B5998011}.Release|Any CPU.Build.0 = Release|ARM
		{8C9DC516-ACBB-4D65-920B-6065B5998011}.Release|Any CPU.Deploy.0 = Release|ARM
		{8C9DC516-ACBB-4D65-920B-6065B5998011}.Release|ARM.ActiveCfg = Release|ARM
		{8C9DC516-ACBB-4D65-920B-6065B5998011}.Release|ARM.Build.0 = Release|ARM
		{8C9DC516-ACBB-4D65-920B-6065B5998011}.Release|ARM.Deploy.0 = Release|ARM
		{8C9DC516-ACBB-4D65-920B-6065B5998011}.Release|Mixed Platforms.ActiveCfg = Release|x86
		{8C9DC516-ACBB-4D65-920B-6065B5998011}.Release|Mixed Platforms.Build.0 = Release|x86
		{8C9DC516-ACBB-4D65-920B-6065B5998011}.Release|Mixed Platforms.Deploy.0 = Release|x86
		{8C9DC516-ACBB-4D65-920B-6065B5998011}.Release|Win32.ActiveCfg = Release|x86
		{8C9DC516-ACBB-4D65-920B-6065B5998011}.Release|Win32.Build.0 = Release|x86
		{8C9DC516-ACBB-4D65-920B-6065B5998011}.Release|Win32.Deploy.0 = Release|x86
		{8C9DC516-ACBB-4D65-920B-6065B5998011}.Release|x64.ActiveCfg = Release|Any CPU
		{8C9DC516-ACBB-4D65-920B-6065B5998011}.Release|x86.ActiveCfg = Release|x86
		{8C9DC516-ACBB-4D65-920B-6065B5998011}.Release|x86.Build.0 = Release|x86
		{8C9DC516-ACBB-4D65-920B-6065B5998011}.Release|x86.Deploy.0 = Release|x86
		{15D85395-B083-4688-B578-58AB22C85BE5}.Debug|Any CPU.ActiveCfg = Debug|ARM
		{15D85395-B083-4688-B578-58AB22C85BE5}.Debug|Any CPU.Build.0 = Debug|ARM
		{15D85395-B083-4688-B578-58AB22C85BE5}.Debug|ARM.ActiveCfg = Debug|ARM
		{15D85395-B083-4688-B578-58AB22C85BE5}.Debug|ARM.Build.0 = Debug|ARM
		{15D85395-B083-4688-B578-58AB22C85BE5}.Debug|Mixed Platforms.ActiveCfg = Debug|ARM
		{15D85395-B083-4688-B578-58AB22C85BE5}.Debug|Mixed Platforms.Build.0 = Debug|ARM
		{15D85395-B083-4688-B578-58AB22C85BE5}.Debug|Win32.ActiveCfg = Debug|Win32
		{15D85395-B083-4688-B578-58AB22C85BE5}.Debug|Win32.Build.0 = Debug|Win32
		{15D85395-B083-4688-B578-58AB22C85BE5}.Debug|x64.ActiveCfg = Debug|Win32
		{15D85395-B083-4688-B578-58AB22C85BE5}.Debug|x86.ActiveCfg = Debug|Win32
		{15D85395-B083-4688-B578-58AB22C85BE5}.Debug|x86.Build.0 = Debug|Win32
		{15D85395-B083-4688-B578-58AB22C85BE5}.Release|Any CPU.ActiveCfg = Release|ARM
		{15D85395-B083-4688-B578-58AB22C85BE5}.Release|Any CPU.Build.0 = Release|ARM
		{15D85395-B083-4688-B578-58AB22C85BE5}.Release|ARM.ActiveCfg = Release|ARM
		{15D85395-B083-4688-B578-58AB22C85BE5}.Release|ARM.Build.0 = Release|ARM
		{15D85395-B083-4688-B578-58AB22C85BE5}.Release|Mixed Platforms.ActiveCfg = Release|Win32
		{15D85395-B083-4688-B578-58AB22C85BE5}.Release|Mixed Platforms.Build.0 = Release|Win32
		{15D85395-B083-4688-B578-58AB22C85BE5}.Release|Win32.ActiveCfg = Release|Win32
		{15D85395-B083-4688-B578-58AB22C85BE5}.Release|Win32.Build.0 = Release|Win32
		{15D85395-B083-4688-B578-58AB22C85BE5}.Release|x64.ActiveCfg = Release|Win32
		{15D85395-B083-4688-B578-58AB22C85BE5}.Release|x86.ActiveCfg = Release|Win32
		{15D85395-B083-4688-B578-58AB22C85BE5}.Release|x86.Build.0 = Release|Win32
		{F150A355-04CA-4F3E-8295-3FDA0DA800D4}.Debug|Any CPU.ActiveCfg = Debug|ARM
		{F150A355-04CA-4F3E-8295-3FDA0DA800D4}.Debug|Any CPU.Build.0 = Debug|ARM
		{F150A355-04CA-4F3E-8295-3FDA0DA800D4}.Debug|ARM.ActiveCfg = Debug|ARM
		{F150A355-04CA-4F3E-8295-3FDA0DA800D4}.Debug|ARM.Build.0 = Debug|ARM
		{F150A355-04CA-4F3E-8295-3FDA0DA800D4}.Debug|Mixed Platforms.ActiveCfg = Debug|ARM
		{F150A355-04CA-4F3E-8295-3FDA0DA800D4}.Debug|Mixed Platforms.Build.0 = Debug|ARM
		{F150A355-04CA-4F3E-8295-3FDA0DA800D4}.Debug|Win32.ActiveCfg = Debug|Win32
		{F150A355-04CA-4F3E-8295-3FDA0DA800D4}.Debug|Win32.Build.0 = Debug|Win32
		{F150A355-04CA-4F3E-8295-3FDA0DA800D4}.Debug|x64.ActiveCfg = Debug|Win32
		{F150A355-04CA-4F3E-8295-3FDA0DA800D4}.Debug|x86.ActiveCfg = Debug|Win32
		{F150A355-04CA-4F3E-8295-3FDA0DA800D4}.Debug|x86.Build.0 = Debug|Win32
		{F150A355-04CA-4F3E-8295-3FDA0DA800D4}.Release|Any CPU.ActiveCfg = Release|ARM
		{F150A355-04CA-4F3E-8295-3FDA0DA800D4}.Release|Any CPU.Build.0 = Release|ARM
		{F150A355-04CA-4F3E-8295-3FDA0DA800D4}.Release|ARM.ActiveCfg = Release|ARM
		{F150A355-04CA-4F3E-8295-3FDA0DA800D4}.Release|ARM.Build.0 = Release|ARM
		{F150A355-04CA-4F3E-8295-3FDA0DA800D4}.Release|Mixed Platforms.ActiveCfg = Release|Win32
		{F150A355-04CA-4F3E-8295-3FDA0DA800D4}.Release|Mixed Platforms.Build.0 = Release|Win32
		{F150A355-04CA-4F3E-8295-3FDA0DA800D4}.Release|Win32.ActiveCfg = Release|Win32
		{F150A355-04CA-4F3E-8295-3FDA0DA800D4}.Release|Win32.Build.0 = Release|Win32
		{F150A355-04CA-4F3E-8295-3FDA0DA800D4}.Release|x64.ActiveCfg = Release|Win32
		{F150A355-04CA-4F3E-8295-3FDA0DA800D4}.Release|x86.ActiveCfg = Release|Win32
		{F150A355-04CA-4F3E-8295-3FDA0DA800D4}.Release|x86.Build.0 = Release|Win32
	EndGlobalSection
	GlobalSection(SolutionProperties) = preSolution
		HideSolutionNode = FALSE
	EndGlobalSection
EndGlobal
